schema: '2.0'
stages:
  make_dataset:
    cmd: python src/data/make_dataset.py /data/raw/creditcard.csv
    deps:
    - path: data/raw/creditcard.csv
      hash: md5
      md5: c5e53d8d3ea2da14cd96736372317d78
      size: 150825596
    - path: src/data/make_dataset.py
      hash: md5
      md5: 6c21118256e4709dbab14a53c1ffbcb3
      size: 1275
    params:
      params.yaml:
        make_dataset.seed: 2023
        make_dataset.test_split: 0.2
    outs:
    - path: data/processed/
      hash: md5
      md5: a88d4991a8f341ac5b986734e2108b4d.dir
      size: 150814568
      nfiles: 2
  train_model:
    cmd: python src/models/train_model.py /data/processed/
    deps:
    - path: data/processed/
      hash: md5
      md5: a88d4991a8f341ac5b986734e2108b4d.dir
      size: 150814568
      nfiles: 2
    - path: src/models/train_model.py
      hash: md5
      md5: e27724cb0d667b8c1a383c22b6a706a0
      size: 1317
    outs:
    - path: models/
      hash: md5
      md5: 3458f6bbf26b3ddd5a4c4c70b3492b9a.dir
      size: 384425
      nfiles: 1
  visualize:
    cmd: python src/visualization/visualize.py models/model.joblib 
      /data/processed/
    deps:
    - path: data/processed/
      hash: md5
      md5: a88d4991a8f341ac5b986734e2108b4d.dir
      size: 150814568
      nfiles: 2
    - path: models/model.joblib
      hash: md5
      md5: dc80e22b6eb0806f04a0fc3af79b55b7
      size: 384425
    - path: src/visualization/visualize.py
      hash: md5
      md5: c5ddd9d257bcd68f1c9a95366b3e1e61
      size: 3569
    outs:
    - path: dvclive
      hash: md5
      md5: 806fb663c07b26d063ff553c829c8312.dir
      size: 19608777
      nfiles: 8
