schema: '2.0'
stages:
  make_dataset:
    cmd: python src/data/make_dataset.py /data/raw/creditcard.csv
    deps:
    - path: data/raw/creditcard.csv
      hash: md5
      md5: c53a15bb0ec5f7a102c672e30b5dadec
      size: 150827702
    - path: src/data/make_dataset.py
      hash: md5
      md5: 6c21118256e4709dbab14a53c1ffbcb3
      size: 1275
    params:
      params.yaml:
        make_dataset.seed: 2023
        make_dataset.test_split: 0.2
    outs:
    - path: data/processed/
      hash: md5
      md5: eaf21073148258d69645e0d3cdb75a16.dir
      size: 150816670
      nfiles: 2
  train_model:
    cmd: python src/models/train_model.py /data/processed/
    deps:
    - path: data/processed/
      hash: md5
      md5: eaf21073148258d69645e0d3cdb75a16.dir
      size: 150816670
      nfiles: 2
    - path: src/models/train_model.py
      hash: md5
      md5: e27724cb0d667b8c1a383c22b6a706a0
      size: 1317
    outs:
    - path: models/
      hash: md5
      md5: 0e20d3697d1c9701da9107c75127d4eb.dir
      size: 399465
      nfiles: 2
  visualize:
    cmd: python src/visualization/visualize.py models/model.joblib 
      /data/processed/
    deps:
    - path: data/processed/
      hash: md5
      md5: eaf21073148258d69645e0d3cdb75a16.dir
      size: 150816670
      nfiles: 2
    - path: models/model.joblib
      hash: md5
      md5: 8d6ec74a013d3c552212d6d363767610
      size: 399465
    - path: src/visualization/visualize.py
      hash: md5
      md5: c5ddd9d257bcd68f1c9a95366b3e1e61
      size: 3569
    outs:
    - path: dvclive
      hash: md5
      md5: 0803303bbf62e669b272d278c3cdc22d.dir
      size: 18828425
      nfiles: 8
