schema: '2.0'
stages:
  make_dataset:
    cmd: python src/data/make_dataset.py /data/raw/creditcard.csv
    deps:
    - path: data/raw/creditcard.csv
      hash: md5
      md5: 13fa757432edc7dc714b9b12c9c1eb65
      size: 150823488
    - path: src/data/make_dataset.py
      hash: md5
      md5: 6c21118256e4709dbab14a53c1ffbcb3
      size: 1275
    params:
      params.yaml:
        make_dataset.seed: 2023
        make_dataset.test_split: 0.4
    outs:
    - path: data/processed/
      hash: md5
      md5: f28edf8e8fe542084a07f9c7376b95c0.dir
      size: 150812461
      nfiles: 2
  train_model:
    cmd: python src/models/train_model.py /data/processed/
    deps:
    - path: data/processed/
      hash: md5
      md5: f28edf8e8fe542084a07f9c7376b95c0.dir
      size: 150812461
      nfiles: 2
    - path: src/models/train_model.py
      hash: md5
      md5: e27724cb0d667b8c1a383c22b6a706a0
      size: 1317
    outs:
    - path: models/
      hash: md5
      md5: b449c406ce0f5b2eeb1c94f04f2eaaec.dir
      size: 347785
      nfiles: 1
  visualize:
    cmd: python src/visualization/visualize.py models/model.joblib 
      /data/processed/
    deps:
    - path: data/processed/
      hash: md5
      md5: f28edf8e8fe542084a07f9c7376b95c0.dir
      size: 150812461
      nfiles: 2
    - path: models/model.joblib
      hash: md5
      md5: dc4774b9f1cf0fad50342b3612dd4c3f
      size: 347785
    - path: src/visualization/visualize.py
      hash: md5
      md5: c5ddd9d257bcd68f1c9a95366b3e1e61
      size: 3569
    outs:
    - path: dvclive
      hash: md5
      md5: 4fac971fc13edd9f363245f025546749.dir
      size: 18794712
      nfiles: 8
